
Microsoft Visual Studio Solution File, Format Version 12.00
# Visual Studio Version 17
VisualStudioVersion = 17.7.34018.315
MinimumVisualStudioVersion = 10.0.40219.1
Project("{FAE04EC0-301F-11D3-BF4B-00C04F79EFBC}") = "GitHubReleasesCLI", "GitHubReleasesCLI.csproj", "{F158926B-820A-44EC-819B-034FF79A4DB6}"
EndProject
Global
	GlobalSection(SolutionConfigurationPlatforms) = preSolution
		Debug|Any CPU = Debug|Any CPU
		Release|Any CPU = Release|Any CPU
	EndGlobalSection
	GlobalSection(ProjectConfigurationPlatforms) = postSolution
		{F158926B-820A-44EC-819B-034FF79A4DB6}.Debug|Any CPU.ActiveCfg = Debug|Any CPU
		{F158926B-820A-44EC-819B-034FF79A4DB6}.Debug|Any CPU.Build.0 = Debug|Any CPU
		{F158926B-820A-44EC-819B-034FF79A4DB6}.Release|Any CPU.ActiveCfg = Release|Any CPU
		{F158926B-820A-44EC-819B-034FF79A4DB6}.Release|Any CPU.Build.0 = Release|Any CPU
	EndGlobalSection
	GlobalSection(SolutionProperties) = preSolution
		HideSolutionNode = FALSE
	EndGlobalSection
	GlobalSection(ExtensibilityGlobals) = postSolution
		SolutionGuid = {9E4704EC-380F-4BE1-BEE3-62EF9D48C4B1}
	EndGlobalSection
EndGlobal
